
Microsoft Visual Studio Solution File, Format Version 12.00
# Visual Studio Version 16
VisualStudioVersion = 16.0.30406.217
MinimumVisualStudioVersion = 10.0.40219.1
Project("{FAE04EC0-301F-11D3-BF4B-00C04F79EFBC}") = "ConLeftover", "ConLeftover\ConLeftover.csproj", "{DE4830D4-C302-4B7A-BC0F-F2EE5AF24512}"
EndProject
Global
	GlobalSection(SolutionConfigurationPlatforms) = preSolution
		Debug|Any CPU = Debug|Any CPU
		Release|Any CPU = Release|Any CPU
	EndGlobalSection
	GlobalSection(ProjectConfigurationPlatforms) = postSolution
		{DE4830D4-C302-4B7A-BC0F-F2EE5AF24512}.Debug|Any CPU.ActiveCfg = Debug|Any CPU
		{DE4830D4-C302-4B7A-BC0F-F2EE5AF24512}.Debug|Any CPU.Build.0 = Debug|Any CPU
		{DE4830D4-C302-4B7A-BC0F-F2EE5AF24512}.Release|Any CPU.ActiveCfg = Release|Any CPU
		{DE4830D4-C302-4B7A-BC0F-F2EE5AF24512}.Release|Any CPU.Build.0 = Release|Any CPU
	EndGlobalSection
	GlobalSection(SolutionProperties) = preSolution
		HideSolutionNode = FALSE
	EndGlobalSection
	GlobalSection(ExtensibilityGlobals) = postSolution
		SolutionGuid = {70B6DE6D-ABD1-4375-B973-B9833A687C08}
	EndGlobalSection
EndGlobal
