
Microsoft Visual Studio Solution File, Format Version 12.00
# Visual Studio Version 16
VisualStudioVersion = 16.0.30406.217
MinimumVisualStudioVersion = 10.0.40219.1
Project("{FAE04EC0-301F-11D3-BF4B-00C04F79EFBC}") = "WebApplication3", "WebApplication3\WebApplication3.csproj", "{1706EF89-AE1F-42CD-9C9E-4C37079FC8CA}"
EndProject
Global
	GlobalSection(SolutionConfigurationPlatforms) = preSolution
		Debug|Any CPU = Debug|Any CPU
		Release|Any CPU = Release|Any CPU
	EndGlobalSection
	GlobalSection(ProjectConfigurationPlatforms) = postSolution
		{1706EF89-AE1F-42CD-9C9E-4C37079FC8CA}.Debug|Any CPU.ActiveCfg = Debug|Any CPU
		{1706EF89-AE1F-42CD-9C9E-4C37079FC8CA}.Debug|Any CPU.Build.0 = Debug|Any CPU
		{1706EF89-AE1F-42CD-9C9E-4C37079FC8CA}.Release|Any CPU.ActiveCfg = Release|Any CPU
		{1706EF89-AE1F-42CD-9C9E-4C37079FC8CA}.Release|Any CPU.Build.0 = Release|Any CPU
	EndGlobalSection
	GlobalSection(SolutionProperties) = preSolution
		HideSolutionNode = FALSE
	EndGlobalSection
	GlobalSection(ExtensibilityGlobals) = postSolution
		SolutionGuid = {C609DE55-5C15-41DC-8530-CF60AD43EEA9}
	EndGlobalSection
EndGlobal
